
Microsoft Visual Studio Solution File, Format Version 10.00
# Visual Studio 2008
Project("{FAE04EC0-301F-11D3-BF4B-00C04F79EFBC}") = "ComplexDataFlow", "ComplexDataFlow.csproj", "{03AC0B9E-727E-4315-8300-6E839C9F29CF}"
EndProject
Project("{FAE04EC0-301F-11D3-BF4B-00C04F79EFBC}") = "ComplexDataFlowInALoop", "ComplexDataFlowInALoop.csproj", "{9E7EF927-5709-44F0-8DB8-4F84B5A18485}"
EndProject
Project("{FAE04EC0-301F-11D3-BF4B-00C04F79EFBC}") = "DataFlowWithTransform", "DataFlowWithTransform.csproj", "{1138E5EA-6FF1-481D-AA2B-D2CB9B9CBD16}"
EndProject
Project("{FAE04EC0-301F-11D3-BF4B-00C04F79EFBC}") = "LookupAndCache", "LookupAndCache.csproj", "{7826D088-CC50-4F0C-9448-8656FB8605E7}"
EndProject
Project("{FAE04EC0-301F-11D3-BF4B-00C04F79EFBC}") = "LoopWithSimpleDataFlow", "LoopWithSimpleDataFlow.csproj", "{4A4A5CF2-7122-49D5-A5D8-1E8711419FC5}"
EndProject
Project("{FAE04EC0-301F-11D3-BF4B-00C04F79EFBC}") = "SimpleDataFlow", "SimpleDataFlow.csproj", "{6E9B89E2-CEAB-42AA-9EAB-6B9B577CB80E}"
EndProject
Project("{FAE04EC0-301F-11D3-BF4B-00C04F79EFBC}") = "SingleExecPackageTask", "SingleExecPackageTask.csproj", "{8184E523-76EC-48CE-9DA9-36274ADE61DD}"
EndProject
Project("{FAE04EC0-301F-11D3-BF4B-00C04F79EFBC}") = "ConditionalSplit", "ConditionalSplit.csproj", "{2760BB9C-A502-445A-BD60-41ED8B0F3FDB}"
EndProject
Project("{FAE04EC0-301F-11D3-BF4B-00C04F79EFBC}") = "UnionAll", "UnionAll.csproj", "{FC942261-CE63-4F08-A212-4FBEBD91F98B}"
EndProject
Global
	GlobalSection(SolutionConfigurationPlatforms) = preSolution
		Debug|Any CPU = Debug|Any CPU
		Release|Any CPU = Release|Any CPU
	EndGlobalSection
	GlobalSection(ProjectConfigurationPlatforms) = postSolution
		{03AC0B9E-727E-4315-8300-6E839C9F29CF}.Debug|Any CPU.ActiveCfg = Debug|Any CPU
		{03AC0B9E-727E-4315-8300-6E839C9F29CF}.Debug|Any CPU.Build.0 = Debug|Any CPU
		{03AC0B9E-727E-4315-8300-6E839C9F29CF}.Release|Any CPU.ActiveCfg = Release|Any CPU
		{03AC0B9E-727E-4315-8300-6E839C9F29CF}.Release|Any CPU.Build.0 = Release|Any CPU
		{9E7EF927-5709-44F0-8DB8-4F84B5A18485}.Debug|Any CPU.ActiveCfg = Debug|Any CPU
		{9E7EF927-5709-44F0-8DB8-4F84B5A18485}.Debug|Any CPU.Build.0 = Debug|Any CPU
		{9E7EF927-5709-44F0-8DB8-4F84B5A18485}.Release|Any CPU.ActiveCfg = Release|Any CPU
		{9E7EF927-5709-44F0-8DB8-4F84B5A18485}.Release|Any CPU.Build.0 = Release|Any CPU
		{1138E5EA-6FF1-481D-AA2B-D2CB9B9CBD16}.Debug|Any CPU.ActiveCfg = Debug|Any CPU
		{1138E5EA-6FF1-481D-AA2B-D2CB9B9CBD16}.Debug|Any CPU.Build.0 = Debug|Any CPU
		{1138E5EA-6FF1-481D-AA2B-D2CB9B9CBD16}.Release|Any CPU.ActiveCfg = Release|Any CPU
		{1138E5EA-6FF1-481D-AA2B-D2CB9B9CBD16}.Release|Any CPU.Build.0 = Release|Any CPU
		{7826D088-CC50-4F0C-9448-8656FB8605E7}.Debug|Any CPU.ActiveCfg = Debug|Any CPU
		{7826D088-CC50-4F0C-9448-8656FB8605E7}.Debug|Any CPU.Build.0 = Debug|Any CPU
		{7826D088-CC50-4F0C-9448-8656FB8605E7}.Release|Any CPU.ActiveCfg = Release|Any CPU
		{7826D088-CC50-4F0C-9448-8656FB8605E7}.Release|Any CPU.Build.0 = Release|Any CPU
		{4A4A5CF2-7122-49D5-A5D8-1E8711419FC5}.Debug|Any CPU.ActiveCfg = Debug|Any CPU
		{4A4A5CF2-7122-49D5-A5D8-1E8711419FC5}.Debug|Any CPU.Build.0 = Debug|Any CPU
		{4A4A5CF2-7122-49D5-A5D8-1E8711419FC5}.Release|Any CPU.ActiveCfg = Release|Any CPU
		{4A4A5CF2-7122-49D5-A5D8-1E8711419FC5}.Release|Any CPU.Build.0 = Release|Any CPU
		{6E9B89E2-CEAB-42AA-9EAB-6B9B577CB80E}.Debug|Any CPU.ActiveCfg = Debug|Any CPU
		{6E9B89E2-CEAB-42AA-9EAB-6B9B577CB80E}.Debug|Any CPU.Build.0 = Debug|Any CPU
		{6E9B89E2-CEAB-42AA-9EAB-6B9B577CB80E}.Release|Any CPU.ActiveCfg = Release|Any CPU
		{6E9B89E2-CEAB-42AA-9EAB-6B9B577CB80E}.Release|Any CPU.Build.0 = Release|Any CPU
		{8184E523-76EC-48CE-9DA9-36274ADE61DD}.Debug|Any CPU.ActiveCfg = Debug|Any CPU
		{8184E523-76EC-48CE-9DA9-36274ADE61DD}.Debug|Any CPU.Build.0 = Debug|Any CPU
		{8184E523-76EC-48CE-9DA9-36274ADE61DD}.Release|Any CPU.ActiveCfg = Release|Any CPU
		{8184E523-76EC-48CE-9DA9-36274ADE61DD}.Release|Any CPU.Build.0 = Release|Any CPU
		{2760BB9C-A502-445A-BD60-41ED8B0F3FDB}.Debug|Any CPU.ActiveCfg = Debug|Any CPU
		{2760BB9C-A502-445A-BD60-41ED8B0F3FDB}.Debug|Any CPU.Build.0 = Debug|Any CPU
		{2760BB9C-A502-445A-BD60-41ED8B0F3FDB}.Release|Any CPU.ActiveCfg = Release|Any CPU
		{2760BB9C-A502-445A-BD60-41ED8B0F3FDB}.Release|Any CPU.Build.0 = Release|Any CPU
		{FC942261-CE63-4F08-A212-4FBEBD91F98B}.Debug|Any CPU.ActiveCfg = Debug|Any CPU
		{FC942261-CE63-4F08-A212-4FBEBD91F98B}.Debug|Any CPU.Build.0 = Debug|Any CPU
		{FC942261-CE63-4F08-A212-4FBEBD91F98B}.Release|Any CPU.ActiveCfg = Release|Any CPU
		{FC942261-CE63-4F08-A212-4FBEBD91F98B}.Release|Any CPU.Build.0 = Release|Any CPU
	EndGlobalSection
	GlobalSection(SolutionProperties) = preSolution
		HideSolutionNode = FALSE
	EndGlobalSection
EndGlobal
