
Microsoft Visual Studio Solution File, Format Version 11.00
# Visual Studio 2010
Project("{930C7802-8A8C-48F9-8165-68863BCCD9DD}") = "WixProject", "WixProject\WixProject.wixproj", "{002F3C8C-5EDC-461D-A34B-39B6FB9230CD}"
EndProject
Project("{FAE04EC0-301F-11D3-BF4B-00C04F79EFBC}") = "RegExFlatFileSource_SQL2012", "..\RegExFlatFileSource_SQL2012.csproj", "{FDE53CEC-686A-4F77-AF74-BCAF4B979A84}"
EndProject
Global
	GlobalSection(SolutionConfigurationPlatforms) = preSolution
		Debug|Any CPU = Debug|Any CPU
		Debug|Mixed Platforms = Debug|Mixed Platforms
		Debug|x86 = Debug|x86
		Release|Any CPU = Release|Any CPU
		Release|Mixed Platforms = Release|Mixed Platforms
		Release|x86 = Release|x86
	EndGlobalSection
	GlobalSection(ProjectConfigurationPlatforms) = postSolution
		{002F3C8C-5EDC-461D-A34B-39B6FB9230CD}.Debug|Any CPU.ActiveCfg = Debug|x86
		{002F3C8C-5EDC-461D-A34B-39B6FB9230CD}.Debug|Mixed Platforms.ActiveCfg = Debug|x86
		{002F3C8C-5EDC-461D-A34B-39B6FB9230CD}.Debug|Mixed Platforms.Build.0 = Debug|x86
		{002F3C8C-5EDC-461D-A34B-39B6FB9230CD}.Debug|x86.ActiveCfg = Debug|x86
		{002F3C8C-5EDC-461D-A34B-39B6FB9230CD}.Debug|x86.Build.0 = Debug|x86
		{002F3C8C-5EDC-461D-A34B-39B6FB9230CD}.Release|Any CPU.ActiveCfg = Release|x86
		{002F3C8C-5EDC-461D-A34B-39B6FB9230CD}.Release|Mixed Platforms.ActiveCfg = Release|x86
		{002F3C8C-5EDC-461D-A34B-39B6FB9230CD}.Release|Mixed Platforms.Build.0 = Release|x86
		{002F3C8C-5EDC-461D-A34B-39B6FB9230CD}.Release|x86.ActiveCfg = Release|x86
		{002F3C8C-5EDC-461D-A34B-39B6FB9230CD}.Release|x86.Build.0 = Release|x86
		{FDE53CEC-686A-4F77-AF74-BCAF4B979A84}.Debug|Any CPU.ActiveCfg = Debug|Any CPU
		{FDE53CEC-686A-4F77-AF74-BCAF4B979A84}.Debug|Any CPU.Build.0 = Debug|Any CPU
		{FDE53CEC-686A-4F77-AF74-BCAF4B979A84}.Debug|Mixed Platforms.ActiveCfg = Debug|Any CPU
		{FDE53CEC-686A-4F77-AF74-BCAF4B979A84}.Debug|Mixed Platforms.Build.0 = Debug|Any CPU
		{FDE53CEC-686A-4F77-AF74-BCAF4B979A84}.Debug|x86.ActiveCfg = Debug|Any CPU
		{FDE53CEC-686A-4F77-AF74-BCAF4B979A84}.Release|Any CPU.ActiveCfg = Release|Any CPU
		{FDE53CEC-686A-4F77-AF74-BCAF4B979A84}.Release|Any CPU.Build.0 = Release|Any CPU
		{FDE53CEC-686A-4F77-AF74-BCAF4B979A84}.Release|Mixed Platforms.ActiveCfg = Release|Any CPU
		{FDE53CEC-686A-4F77-AF74-BCAF4B979A84}.Release|Mixed Platforms.Build.0 = Release|Any CPU
		{FDE53CEC-686A-4F77-AF74-BCAF4B979A84}.Release|x86.ActiveCfg = Release|Any CPU
	EndGlobalSection
	GlobalSection(SolutionProperties) = preSolution
		HideSolutionNode = FALSE
	EndGlobalSection
EndGlobal
