
Microsoft Visual Studio Solution File, Format Version 11.00
# Visual Studio 2010
Project("{FAE04EC0-301F-11D3-BF4B-00C04F79EFBC}") = "RegExFlatFileSource_Sql2012", "RegExFlatFileSource_Sql2012.csproj", "{FDE53CEC-686A-4F77-AF74-BCAF4B979A84}"
EndProject
Global
	GlobalSection(SolutionConfigurationPlatforms) = preSolution
		Debug|Any CPU = Debug|Any CPU
		Debug|Mixed Platforms = Debug|Mixed Platforms
		Debug|Win32 = Debug|Win32
		Development|Any CPU = Development|Any CPU
		Development|Mixed Platforms = Development|Mixed Platforms
		Development|Win32 = Development|Win32
		Release|Any CPU = Release|Any CPU
		Release|Mixed Platforms = Release|Mixed Platforms
		Release|Win32 = Release|Win32
	EndGlobalSection
	GlobalSection(ProjectConfigurationPlatforms) = postSolution
		{FDE53CEC-686A-4F77-AF74-BCAF4B979A84}.Debug|Any CPU.ActiveCfg = Debug|Any CPU
		{FDE53CEC-686A-4F77-AF74-BCAF4B979A84}.Debug|Any CPU.Build.0 = Debug|Any CPU
		{FDE53CEC-686A-4F77-AF74-BCAF4B979A84}.Debug|Mixed Platforms.ActiveCfg = Debug|Any CPU
		{FDE53CEC-686A-4F77-AF74-BCAF4B979A84}.Debug|Mixed Platforms.Build.0 = Debug|Any CPU
		{FDE53CEC-686A-4F77-AF74-BCAF4B979A84}.Debug|Win32.ActiveCfg = Debug|Any CPU
		{FDE53CEC-686A-4F77-AF74-BCAF4B979A84}.Development|Any CPU.ActiveCfg = Debug|Any CPU
		{FDE53CEC-686A-4F77-AF74-BCAF4B979A84}.Development|Any CPU.Build.0 = Debug|Any CPU
		{FDE53CEC-686A-4F77-AF74-BCAF4B979A84}.Development|Mixed Platforms.ActiveCfg = Debug|Any CPU
		{FDE53CEC-686A-4F77-AF74-BCAF4B979A84}.Development|Mixed Platforms.Build.0 = Debug|Any CPU
		{FDE53CEC-686A-4F77-AF74-BCAF4B979A84}.Development|Win32.ActiveCfg = Debug|Any CPU
		{FDE53CEC-686A-4F77-AF74-BCAF4B979A84}.Release|Any CPU.ActiveCfg = Release|Any CPU
		{FDE53CEC-686A-4F77-AF74-BCAF4B979A84}.Release|Any CPU.Build.0 = Release|Any CPU
		{FDE53CEC-686A-4F77-AF74-BCAF4B979A84}.Release|Mixed Platforms.ActiveCfg = Release|Any CPU
		{FDE53CEC-686A-4F77-AF74-BCAF4B979A84}.Release|Mixed Platforms.Build.0 = Release|Any CPU
		{FDE53CEC-686A-4F77-AF74-BCAF4B979A84}.Release|Win32.ActiveCfg = Release|Any CPU
	EndGlobalSection
	GlobalSection(SolutionProperties) = preSolution
		HideSolutionNode = FALSE
	EndGlobalSection
EndGlobal
